// !$*UTF8*$!
{
	archiveVersion = 1;
	classes = {
	};
	objectVersion = 77;
	objects = {

/* Begin PBXBuildFile section */
		F5FA83112CBCB89200135073 /* FirebaseAuth in Frameworks */ = {isa = PBXBuildFile; productRef = F5FA83102CBCB89200135073 /* FirebaseAuth */; };
		F5FA83132CBCB89200135073 /* FirebaseCore in Frameworks */ = {isa = PBXBuildFile; productRef = F5FA83122CBCB89200135073 /* FirebaseCore */; };
		F5FA83152CBCB89200135073 /* FirebaseFirestore in Frameworks */ = {isa = PBXBuildFile; productRef = F5FA83142CBCB89200135073 /* FirebaseFirestore */; };
/* End PBXBuildFile section */

/* Begin PBXContainerItemProxy section */
		EABADF3C2CB9224100962A40 /* PBXContainerItemProxy */ = {
			isa = PBXContainerItemProxy;
			containerPortal = EABADF232CB9223E00962A40 /* Project object */;
			proxyType = 1;
			remoteGlobalIDString = EABADF2A2CB9223E00962A40;
			remoteInfo = iOS_Project;
		};
		EABADF462CB9224100962A40 /* PBXContainerItemProxy */ = {
			isa = PBXContainerItemProxy;
			containerPortal = EABADF232CB9223E00962A40 /* Project object */;
			proxyType = 1;
			remoteGlobalIDString = EABADF2A2CB9223E00962A40;
			remoteInfo = iOS_Project;
		};
/* End PBXContainerItemProxy section */

/* Begin PBXFileReference section */
		EABADF2B2CB9223E00962A40 /* iOS_Project.app */ = {isa = PBXFileReference; explicitFileType = wrapper.application; includeInIndex = 0; path = iOS_Project.app; sourceTree = BUILT_PRODUCTS_DIR; };
		EABADF3B2CB9224100962A40 /* iOS_ProjectTests.xctest */ = {isa = PBXFileReference; explicitFileType = wrapper.cfbundle; includeInIndex = 0; path = iOS_ProjectTests.xctest; sourceTree = BUILT_PRODUCTS_DIR; };
		EABADF452CB9224100962A40 /* iOS_ProjectUITests.xctest */ = {isa = PBXFileReference; explicitFileType = wrapper.cfbundle; includeInIndex = 0; path = iOS_ProjectUITests.xctest; sourceTree = BUILT_PRODUCTS_DIR; };
/* End PBXFileReference section */

/* Begin PBXFileSystemSynchronizedRootGroup section */
		EABADF2D2CB9223E00962A40 /* iOS_Project */ = {
			isa = PBXFileSystemSynchronizedRootGroup;
			path = iOS_Project;
			sourceTree = "<group>";
		};
		EABADF3E2CB9224100962A40 /* iOS_ProjectTests */ = {
			isa = PBXFileSystemSynchronizedRootGroup;
			path = iOS_ProjectTests;
			sourceTree = "<group>";
		};
		EABADF482CB9224100962A40 /* iOS_ProjectUITests */ = {
			isa = PBXFileSystemSynchronizedRootGroup;
			path = iOS_ProjectUITests;
			sourceTree = "<group>";
		};
/* End PBXFileSystemSynchronizedRootGroup section */

/* Begin PBXFrameworksBuildPhase section */
		EABADF282CB9223E00962A40 /* Frameworks */ = {
			isa = PBXFrameworksBuildPhase;
			buildActionMask = 2147483647;
			files = (
				F5FA83132CBCB89200135073 /* FirebaseCore in Frameworks */,
				F5FA83112CBCB89200135073 /* FirebaseAuth in Frameworks */,
				F5FA83152CBCB89200135073 /* FirebaseFirestore in Frameworks */,
			);
			runOnlyForDeploymentPostprocessing = 0;
		};
		EABADF382CB9224100962A40 /* Frameworks */ = {
			isa = PBXFrameworksBuildPhase;
			buildActionMask = 2147483647;
			files = (
			);
			runOnlyForDeploymentPostprocessing = 0;
		};
		EABADF422CB9224100962A40 /* Frameworks */ = {
			isa = PBXFrameworksBuildPhase;
			buildActionMask = 2147483647;
			files = (
			);
			runOnlyForDeploymentPostprocessing = 0;
		};
/* End PBXFrameworksBuildPhase section */

/* Begin PBXGroup section */
		EABADF222CB9223E00962A40 = {
			isa = PBXGroup;
			children = (
				EABADF2D2CB9223E00962A40 /* iOS_Project */,
				EABADF3E2CB9224100962A40 /* iOS_ProjectTests */,
				EABADF482CB9224100962A40 /* iOS_ProjectUITests */,
				EABADF2C2CB9223E00962A40 /* Products */,
			);
			sourceTree = "<group>";
		};
		EABADF2C2CB9223E00962A40 /* Products */ = {
			isa = PBXGroup;
			children = (
				EABADF2B2CB9223E00962A40 /* iOS_Project.app */,
				EABADF3B2CB9224100962A40 /* iOS_ProjectTests.xctest */,
				EABADF452CB9224100962A40 /* iOS_ProjectUITests.xctest */,
			);
			name = Products;
			sourceTree = "<group>";
		};
/* End PBXGroup section */

/* Begin PBXNativeTarget section */
		EABADF2A2CB9223E00962A40 /* iOS_Project */ = {
			isa = PBXNativeTarget;
			buildConfigurationList = EABADF4F2CB9224100962A40 /* Build configuration list for PBXNativeTarget "iOS_Project" */;
			buildPhases = (
				EABADF272CB9223E00962A40 /* Sources */,
				EABADF282CB9223E00962A40 /* Frameworks */,
				EABADF292CB9223E00962A40 /* Resources */,
			);
			buildRules = (
			);
			dependencies = (
			);
			fileSystemSynchronizedGroups = (
				EABADF2D2CB9223E00962A40 /* iOS_Project */,
			);
			name = iOS_Project;
			packageProductDependencies = (
				F5FA83102CBCB89200135073 /* FirebaseAuth */,
				F5FA83122CBCB89200135073 /* FirebaseCore */,
				F5FA83142CBCB89200135073 /* FirebaseFirestore */,
			);
			productName = iOS_Project;
			productReference = EABADF2B2CB9223E00962A40 /* iOS_Project.app */;
			productType = "com.apple.product-type.application";
		};
		EABADF3A2CB9224100962A40 /* iOS_ProjectTests */ = {
			isa = PBXNativeTarget;
			buildConfigurationList = EABADF522CB9224100962A40 /* Build configuration list for PBXNativeTarget "iOS_ProjectTests" */;
			buildPhases = (
				EABADF372CB9224100962A40 /* Sources */,
				EABADF382CB9224100962A40 /* Frameworks */,
				EABADF392CB9224100962A40 /* Resources */,
			);
			buildRules = (
			);
			dependencies = (
				EABADF3D2CB9224100962A40 /* PBXTargetDependency */,
			);
			fileSystemSynchronizedGroups = (
				EABADF3E2CB9224100962A40 /* iOS_ProjectTests */,
			);
			name = iOS_ProjectTests;
			packageProductDependencies = (
			);
			productName = iOS_ProjectTests;
			productReference = EABADF3B2CB9224100962A40 /* iOS_ProjectTests.xctest */;
			productType = "com.apple.product-type.bundle.unit-test";
		};
		EABADF442CB9224100962A40 /* iOS_ProjectUITests */ = {
			isa = PBXNativeTarget;
			buildConfigurationList = EABADF552CB9224100962A40 /* Build configuration list for PBXNativeTarget "iOS_ProjectUITests" */;
			buildPhases = (
				EABADF412CB9224100962A40 /* Sources */,
				EABADF422CB9224100962A40 /* Frameworks */,
				EABADF432CB9224100962A40 /* Resources */,
			);
			buildRules = (
			);
			dependencies = (
				EABADF472CB9224100962A40 /* PBXTargetDependency */,
			);
			fileSystemSynchronizedGroups = (
				EABADF482CB9224100962A40 /* iOS_ProjectUITests */,
			);
			name = iOS_ProjectUITests;
			packageProductDependencies = (
			);
			productName = iOS_ProjectUITests;
			productReference = EABADF452CB9224100962A40 /* iOS_ProjectUITests.xctest */;
			productType = "com.apple.product-type.bundle.ui-testing";
		};
/* End PBXNativeTarget section */

/* Begin PBXProject section */
		EABADF232CB9223E00962A40 /* Project object */ = {
			isa = PBXProject;
			attributes = {
				BuildIndependentTargetsInParallel = 1;
				LastSwiftUpdateCheck = 1600;
				LastUpgradeCheck = 1600;
				TargetAttributes = {
					EABADF2A2CB9223E00962A40 = {
						CreatedOnToolsVersion = 16.0;
					};
					EABADF3A2CB9224100962A40 = {
						CreatedOnToolsVersion = 16.0;
						TestTargetID = EABADF2A2CB9223E00962A40;
					};
					EABADF442CB9224100962A40 = {
						CreatedOnToolsVersion = 16.0;
						TestTargetID = EABADF2A2CB9223E00962A40;
					};
				};
			};
			buildConfigurationList = EABADF262CB9223E00962A40 /* Build configuration list for PBXProject "iOS_Project" */;
			developmentRegion = en;
			hasScannedForEncodings = 0;
			knownRegions = (
				en,
				Base,
			);
			mainGroup = EABADF222CB9223E00962A40;
			minimizedProjectReferenceProxies = 1;
			packageReferences = (
				F5FA830F2CBCB89200135073 /* XCRemoteSwiftPackageReference "firebase-ios-sdk" */,
			);
			preferredProjectObjectVersion = 77;
			productRefGroup = EABADF2C2CB9223E00962A40 /* Products */;
			projectDirPath = "";
			projectRoot = "";
			targets = (
				EABADF2A2CB9223E00962A40 /* iOS_Project */,
				EABADF3A2CB9224100962A40 /* iOS_ProjectTests */,
				EABADF442CB9224100962A40 /* iOS_ProjectUITests */,
			);
		};
/* End PBXProject section */

/* Begin PBXResourcesBuildPhase section */
		EABADF292CB9223E00962A40 /* Resources */ = {
			isa = PBXResourcesBuildPhase;
			buildActionMask = 2147483647;
			files = (
			);
			runOnlyForDeploymentPostprocessing = 0;
		};
		EABADF392CB9224100962A40 /* Resources */ = {
			isa = PBXResourcesBuildPhase;
			buildActionMask = 2147483647;
			files = (
			);
			runOnlyForDeploymentPostprocessing = 0;
		};
		EABADF432CB9224100962A40 /* Resources */ = {
			isa = PBXResourcesBuildPhase;
			buildActionMask = 2147483647;
			files = (
			);
			runOnlyForDeploymentPostprocessing = 0;
		};
/* End PBXResourcesBuildPhase section */

/* Begin PBXSourcesBuildPhase section */
		EABADF272CB9223E00962A40 /* Sources */ = {
			isa = PBXSourcesBuildPhase;
			buildActionMask = 2147483647;
			files = (
			);
			runOnlyForDeploymentPostprocessing = 0;
		};
		EABADF372CB9224100962A40 /* Sources */ = {
			isa = PBXSourcesBuildPhase;
			buildActionMask = 2147483647;
			files = (
			);
			runOnlyForDeploymentPostprocessing = 0;
		};
		EABADF412CB9224100962A40 /* Sources */ = {
			isa = PBXSourcesBuildPhase;
			buildActionMask = 2147483647;
			files = (
			);
			runOnlyForDeploymentPostprocessing = 0;
		};
/* End PBXSourcesBuildPhase section */

/* Begin PBXTargetDependency section */
		EABADF3D2CB9224100962A40 /* PBXTargetDependency */ = {
			isa = PBXTargetDependency;
			target = EABADF2A2CB9223E00962A40 /* iOS_Project */;
			targetProxy = EABADF3C2CB9224100962A40 /* PBXContainerItemProxy */;
		};
		EABADF472CB9224100962A40 /* PBXTargetDependency */ = {
			isa = PBXTargetDependency;
			target = EABADF2A2CB9223E00962A40 /* iOS_Project */;
			targetProxy = EABADF462CB9224100962A40 /* PBXContainerItemProxy */;
		};
/* End PBXTargetDependency section */

/* Begin XCBuildConfiguration section */
		EABADF4D2CB9224100962A40 /* Debug */ = {
			isa = XCBuildConfiguration;
			buildSettings = {
				ALWAYS_SEARCH_USER_PATHS = NO;
				ASSETCATALOG_COMPILER_GENERATE_SWIFT_ASSET_SYMBOL_EXTENSIONS = YES;
				CLANG_ANALYZER_NONNULL = YES;
				CLANG_ANALYZER_NUMBER_OBJECT_CONVERSION = YES_AGGRESSIVE;
				CLANG_CXX_LANGUAGE_STANDARD = "gnu++20";
				CLANG_ENABLE_MODULES = YES;
				CLANG_ENABLE_OBJC_ARC = YES;
				CLANG_ENABLE_OBJC_WEAK = YES;
				CLANG_WARN_BLOCK_CAPTURE_AUTORELEASING = YES;
				CLANG_WARN_BOOL_CONVERSION = YES;
				CLANG_WARN_COMMA = YES;
				CLANG_WARN_CONSTANT_CONVERSION = YES;
				CLANG_WARN_DEPRECATED_OBJC_IMPLEMENTATIONS = YES;
				CLANG_WARN_DIRECT_OBJC_ISA_USAGE = YES_ERROR;
				CLANG_WARN_DOCUMENTATION_COMMENTS = YES;
				CLANG_WARN_EMPTY_BODY = YES;
				CLANG_WARN_ENUM_CONVERSION = YES;
				CLANG_WARN_INFINITE_RECURSION = YES;
				CLANG_WARN_INT_CONVERSION = YES;
				CLANG_WARN_NON_LITERAL_NULL_CONVERSION = YES;
				CLANG_WARN_OBJC_IMPLICIT_RETAIN_SELF = YES;
				CLANG_WARN_OBJC_LITERAL_CONVERSION = YES;
				CLANG_WARN_OBJC_ROOT_CLASS = YES_ERROR;
				CLANG_WARN_QUOTED_INCLUDE_IN_FRAMEWORK_HEADER = YES;
				CLANG_WARN_RANGE_LOOP_ANALYSIS = YES;
				CLANG_WARN_STRICT_PROTOTYPES = YES;
				CLANG_WARN_SUSPICIOUS_MOVE = YES;
				CLANG_WARN_UNGUARDED_AVAILABILITY = YES_AGGRESSIVE;
				CLANG_WARN_UNREACHABLE_CODE = YES;
				CLANG_WARN__DUPLICATE_METHOD_MATCH = YES;
				COPY_PHASE_STRIP = NO;
				DEBUG_INFORMATION_FORMAT = dwarf;
				ENABLE_STRICT_OBJC_MSGSEND = YES;
				ENABLE_TESTABILITY = YES;
				ENABLE_USER_SCRIPT_SANDBOXING = YES;
				GCC_C_LANGUAGE_STANDARD = gnu17;
				GCC_DYNAMIC_NO_PIC = NO;
				GCC_NO_COMMON_BLOCKS = YES;
				GCC_OPTIMIZATION_LEVEL = 0;
				GCC_PREPROCESSOR_DEFINITIONS = (
					"DEBUG=1",
					"$(inherited)",
				);
				GCC_WARN_64_TO_32_BIT_CONVERSION = YES;
				GCC_WARN_ABOUT_RETURN_TYPE = YES_ERROR;
				GCC_WARN_UNDECLARED_SELECTOR = YES;
				GCC_WARN_UNINITIALIZED_AUTOS = YES_AGGRESSIVE;
				GCC_WARN_UNUSED_FUNCTION = YES;
				GCC_WARN_UNUSED_VARIABLE = YES;
				IPHONEOS_DEPLOYMENT_TARGET = 18.0;
				LOCALIZATION_PREFERS_STRING_CATALOGS = YES;
				MTL_ENABLE_DEBUG_INFO = INCLUDE_SOURCE;
				MTL_FAST_MATH = YES;
				ONLY_ACTIVE_ARCH = YES;
				SDKROOT = iphoneos;
				SWIFT_ACTIVE_COMPILATION_CONDITIONS = "DEBUG $(inherited)";
				SWIFT_OPTIMIZATION_LEVEL = "-Onone";
			};
			name = Debug;
		};
		EABADF4E2CB9224100962A40 /* Release */ = {
			isa = XCBuildConfiguration;
			buildSettings = {
				ALWAYS_SEARCH_USER_PATHS = NO;
				ASSETCATALOG_COMPILER_GENERATE_SWIFT_ASSET_SYMBOL_EXTENSIONS = YES;
				CLANG_ANALYZER_NONNULL = YES;
				CLANG_ANALYZER_NUMBER_OBJECT_CONVERSION = YES_AGGRESSIVE;
				CLANG_CXX_LANGUAGE_STANDARD = "gnu++20";
				CLANG_ENABLE_MODULES = YES;
				CLANG_ENABLE_OBJC_ARC = YES;
				CLANG_ENABLE_OBJC_WEAK = YES;
				CLANG_WARN_BLOCK_CAPTURE_AUTORELEASING = YES;
				CLANG_WARN_BOOL_CONVERSION = YES;
				CLANG_WARN_COMMA = YES;
				CLANG_WARN_CONSTANT_CONVERSION = YES;
				CLANG_WARN_DEPRECATED_OBJC_IMPLEMENTATIONS = YES;
				CLANG_WARN_DIRECT_OBJC_ISA_USAGE = YES_ERROR;
				CLANG_WARN_DOCUMENTATION_COMMENTS = YES;
				CLANG_WARN_EMPTY_BODY = YES;
				CLANG_WARN_ENUM_CONVERSION = YES;
				CLANG_WARN_INFINITE_RECURSION = YES;
				CLANG_WARN_INT_CONVERSION = YES;
				CLANG_WARN_NON_LITERAL_NULL_CONVERSION = YES;
				CLANG_WARN_OBJC_IMPLICIT_RETAIN_SELF = YES;
				CLANG_WARN_OBJC_LITERAL_CONVERSION = YES;
				CLANG_WARN_OBJC_ROOT_CLASS = YES_ERROR;
				CLANG_WARN_QUOTED_INCLUDE_IN_FRAMEWORK_HEADER = YES;
				CLANG_WARN_RANGE_LOOP_ANALYSIS = YES;
				CLANG_WARN_STRICT_PROTOTYPES = YES;
				CLANG_WARN_SUSPICIOUS_MOVE = YES;
				CLANG_WARN_UNGUARDED_AVAILABILITY = YES_AGGRESSIVE;
				CLANG_WARN_UNREACHABLE_CODE = YES;
				CLANG_WARN__DUPLICATE_METHOD_MATCH = YES;
				COPY_PHASE_STRIP = NO;
				DEBUG_INFORMATION_FORMAT = "dwarf-with-dsym";
				ENABLE_NS_ASSERTIONS = NO;
				ENABLE_STRICT_OBJC_MSGSEND = YES;
				ENABLE_USER_SCRIPT_SANDBOXING = YES;
				GCC_C_LANGUAGE_STANDARD = gnu17;
				GCC_NO_COMMON_BLOCKS = YES;
				GCC_WARN_64_TO_32_BIT_CONVERSION = YES;
				GCC_WARN_ABOUT_RETURN_TYPE = YES_ERROR;
				GCC_WARN_UNDECLARED_SELECTOR = YES;
				GCC_WARN_UNINITIALIZED_AUTOS = YES_AGGRESSIVE;
				GCC_WARN_UNUSED_FUNCTION = YES;
				GCC_WARN_UNUSED_VARIABLE = YES;
				IPHONEOS_DEPLOYMENT_TARGET = 18.0;
				LOCALIZATION_PREFERS_STRING_CATALOGS = YES;
				MTL_ENABLE_DEBUG_INFO = NO;
				MTL_FAST_MATH = YES;
				SDKROOT = iphoneos;
				SWIFT_COMPILATION_MODE = wholemodule;
				VALIDATE_PRODUCT = YES;
			};
			name = Release;
		};
		EABADF502CB9224100962A40 /* Debug */ = {
			isa = XCBuildConfiguration;
			buildSettings = {
				ASSETCATALOG_COMPILER_APPICON_NAME = AppIcon;
				ASSETCATALOG_COMPILER_GLOBAL_ACCENT_COLOR_NAME = AccentColor;
				CODE_SIGN_STYLE = Automatic;
				CURRENT_PROJECT_VERSION = 1;
				DEVELOPMENT_ASSET_PATHS = "\"iOS_Project/Preview Content\"";
				DEVELOPMENT_TEAM = L93NL52T89;
				ENABLE_PREVIEWS = YES;
				GENERATE_INFOPLIST_FILE = YES;
				INFOPLIST_KEY_UIApplicationSceneManifest_Generation = YES;
				INFOPLIST_KEY_UIApplicationSupportsIndirectInputEvents = YES;
				INFOPLIST_KEY_UILaunchScreen_Generation = YES;
				INFOPLIST_KEY_UISupportedInterfaceOrientations_iPad = "UIInterfaceOrientationPortrait UIInterfaceOrientationPortraitUpsideDown UIInterfaceOrientationLandscapeLeft UIInterfaceOrientationLandscapeRight";
				INFOPLIST_KEY_UISupportedInterfaceOrientations_iPhone = "UIInterfaceOrientationPortrait UIInterfaceOrientationLandscapeLeft UIInterfaceOrientationLandscapeRight";
				LD_RUNPATH_SEARCH_PATHS = (
					"$(inherited)",
					"@executable_path/Frameworks",
				);
				MARKETING_VERSION = 1.0;
				PRODUCT_BUNDLE_IDENTIFIER = "com.chansol.iOS-Project";
				PRODUCT_NAME = "$(TARGET_NAME)";
				SWIFT_EMIT_LOC_STRINGS = YES;
				SWIFT_VERSION = 5.0;
				TARGETED_DEVICE_FAMILY = "1,2";
			};
			name = Debug;
		};
		EABADF512CB9224100962A40 /* Release */ = {
			isa = XCBuildConfiguration;
			buildSettings = {
				ASSETCATALOG_COMPILER_APPICON_NAME = AppIcon;
				ASSETCATALOG_COMPILER_GLOBAL_ACCENT_COLOR_NAME = AccentColor;
				CODE_SIGN_STYLE = Automatic;
				CURRENT_PROJECT_VERSION = 1;
				DEVELOPMENT_ASSET_PATHS = "\"iOS_Project/Preview Content\"";
				DEVELOPMENT_TEAM = L93NL52T89;
				ENABLE_PREVIEWS = YES;
				GENERATE_INFOPLIST_FILE = YES;
				INFOPLIST_KEY_UIApplicationSceneManifest_Generation = YES;
				INFOPLIST_KEY_UIApplicationSupportsIndirectInputEvents = YES;
				INFOPLIST_KEY_UILaunchScreen_Generation = YES;
				INFOPLIST_KEY_UISupportedInterfaceOrientations_iPad = "UIInterfaceOrientationPortrait UIInterfaceOrientationPortraitUpsideDown UIInterfaceOrientationLandscapeLeft UIInterfaceOrientationLandscapeRight";
				INFOPLIST_KEY_UISupportedInterfaceOrientations_iPhone = "UIInterfaceOrientationPortrait UIInterfaceOrientationLandscapeLeft UIInterfaceOrientationLandscapeRight";
				LD_RUNPATH_SEARCH_PATHS = (
					"$(inherited)",
					"@executable_path/Frameworks",
				);
				MARKETING_VERSION = 1.0;
				PRODUCT_BUNDLE_IDENTIFIER = "com.chansol.iOS-Project";
				PRODUCT_NAME = "$(TARGET_NAME)";
				SWIFT_EMIT_LOC_STRINGS = YES;
				SWIFT_VERSION = 5.0;
				TARGETED_DEVICE_FAMILY = "1,2";
			};
			name = Release;
		};
		EABADF532CB9224100962A40 /* Debug */ = {
			isa = XCBuildConfiguration;
			buildSettings = {
				BUNDLE_LOADER = "$(TEST_HOST)";
				CODE_SIGN_STYLE = Automatic;
				CURRENT_PROJECT_VERSION = 1;
				DEVELOPMENT_TEAM = L93NL52T89;
				GENERATE_INFOPLIST_FILE = YES;
				IPHONEOS_DEPLOYMENT_TARGET = 18.0;
				MARKETING_VERSION = 1.0;
				PRODUCT_BUNDLE_IDENTIFIER = "com.chansol.iOS-ProjectTests";
				PRODUCT_NAME = "$(TARGET_NAME)";
				SWIFT_EMIT_LOC_STRINGS = NO;
				SWIFT_VERSION = 5.0;
				TARGETED_DEVICE_FAMILY = "1,2";
				TEST_HOST = "$(BUILT_PRODUCTS_DIR)/iOS_Project.app/$(BUNDLE_EXECUTABLE_FOLDER_PATH)/iOS_Project";
			};
			name = Debug;
		};
		EABADF542CB9224100962A40 /* Release */ = {
			isa = XCBuildConfiguration;
			buildSettings = {
				BUNDLE_LOADER = "$(TEST_HOST)";
				CODE_SIGN_STYLE = Automatic;
				CURRENT_PROJECT_VERSION = 1;
				DEVELOPMENT_TEAM = L93NL52T89;
				GENERATE_INFOPLIST_FILE = YES;
				IPHONEOS_DEPLOYMENT_TARGET = 18.0;
				MARKETING_VERSION = 1.0;
				PRODUCT_BUNDLE_IDENTIFIER = "com.chansol.iOS-ProjectTests";
				PRODUCT_NAME = "$(TARGET_NAME)";
				SWIFT_EMIT_LOC_STRINGS = NO;
				SWIFT_VERSION = 5.0;
				TARGETED_DEVICE_FAMILY = "1,2";
				TEST_HOST = "$(BUILT_PRODUCTS_DIR)/iOS_Project.app/$(BUNDLE_EXECUTABLE_FOLDER_PATH)/iOS_Project";
			};
			name = Release;
		};
		EABADF562CB9224100962A40 /* Debug */ = {
			isa = XCBuildConfiguration;
			buildSettings = {
				CODE_SIGN_STYLE = Automatic;
				CURRENT_PROJECT_VERSION = 1;
				DEVELOPMENT_TEAM = L93NL52T89;
				GENERATE_INFOPLIST_FILE = YES;
				MARKETING_VERSION = 1.0;
				PRODUCT_BUNDLE_IDENTIFIER = "com.chansol.iOS-ProjectUITests";
				PRODUCT_NAME = "$(TARGET_NAME)";
				SWIFT_EMIT_LOC_STRINGS = NO;
				SWIFT_VERSION = 5.0;
				TARGETED_DEVICE_FAMILY = "1,2";
				TEST_TARGET_NAME = iOS_Project;
			};
			name = Debug;
		};
		EABADF572CB9224100962A40 /* Release */ = {
			isa = XCBuildConfiguration;
			buildSettings = {
				CODE_SIGN_STYLE = Automatic;
				CURRENT_PROJECT_VERSION = 1;
				DEVELOPMENT_TEAM = L93NL52T89;
				GENERATE_INFOPLIST_FILE = YES;
				MARKETING_VERSION = 1.0;
				PRODUCT_BUNDLE_IDENTIFIER = "com.chansol.iOS-ProjectUITests";
				PRODUCT_NAME = "$(TARGET_NAME)";
				SWIFT_EMIT_LOC_STRINGS = NO;
				SWIFT_VERSION = 5.0;
				TARGETED_DEVICE_FAMILY = "1,2";
				TEST_TARGET_NAME = iOS_Project;
			};
			name = Release;
		};
/* End XCBuildConfiguration section */

/* Begin XCConfigurationList section */
		EABADF262CB9223E00962A40 /* Build configuration list for PBXProject "iOS_Project" */ = {
			isa = XCConfigurationList;
			buildConfigurations = (
				EABADF4D2CB9224100962A40 /* Debug */,
				EABADF4E2CB9224100962A40 /* Release */,
			);
			defaultConfigurationIsVisible = 0;
			defaultConfigurationName = Release;
		};
		EABADF4F2CB9224100962A40 /* Build configuration list for PBXNativeTarget "iOS_Project" */ = {
			isa = XCConfigurationList;
			buildConfigurations = (
				EABADF502CB9224100962A40 /* Debug */,
				EABADF512CB9224100962A40 /* Release */,
			);
			defaultConfigurationIsVisible = 0;
			defaultConfigurationName = Release;
		};
		EABADF522CB9224100962A40 /* Build configuration list for PBXNativeTarget "iOS_ProjectTests" */ = {
			isa = XCConfigurationList;
			buildConfigurations = (
				EABADF532CB9224100962A40 /* Debug */,
				EABADF542CB9224100962A40 /* Release */,
			);
			defaultConfigurationIsVisible = 0;
			defaultConfigurationName = Release;
		};
		EABADF552CB9224100962A40 /* Build configuration list for PBXNativeTarget "iOS_ProjectUITests" */ = {
			isa = XCConfigurationList;
			buildConfigurations = (
				EABADF562CB9224100962A40 /* Debug */,
				EABADF572CB9224100962A40 /* Release */,
			);
			defaultConfigurationIsVisible = 0;
			defaultConfigurationName = Release;
		};
/* End XCConfigurationList section */

/* Begin XCRemoteSwiftPackageReference section */
		F5FA830F2CBCB89200135073 /* XCRemoteSwiftPackageReference "firebase-ios-sdk" */ = {
			isa = XCRemoteSwiftPackageReference;
			repositoryURL = "https://github.com/firebase/firebase-ios-sdk";
			requirement = {
				kind = upToNextMajorVersion;
				minimumVersion = 11.3.0;
			};
		};
/* End XCRemoteSwiftPackageReference section */

/* Begin XCSwiftPackageProductDependency section */
		F5FA83102CBCB89200135073 /* FirebaseAuth */ = {
			isa = XCSwiftPackageProductDependency;
			package = F5FA830F2CBCB89200135073 /* XCRemoteSwiftPackageReference "firebase-ios-sdk" */;
			productName = FirebaseAuth;
		};
		F5FA83122CBCB89200135073 /* FirebaseCore */ = {
			isa = XCSwiftPackageProductDependency;
			package = F5FA830F2CBCB89200135073 /* XCRemoteSwiftPackageReference "firebase-ios-sdk" */;
			productName = FirebaseCore;
		};
		F5FA83142CBCB89200135073 /* FirebaseFirestore */ = {
			isa = XCSwiftPackageProductDependency;
			package = F5FA830F2CBCB89200135073 /* XCRemoteSwiftPackageReference "firebase-ios-sdk" */;
			productName = FirebaseFirestore;
		};
/* End XCSwiftPackageProductDependency section */
	};
	rootObject = EABADF232CB9223E00962A40 /* Project object */;
}
