// !$*UTF8*$!
{
	archiveVersion = 1;
	classes = {
	};
	objectVersion = 63;
	objects = {

/* Begin PBXBuildFile section */
		D3DAC0BC663E9922C2AE4C22 /* Pods_iOS_Project.framework in Frameworks */ = {isa = PBXBuildFile; fileRef = B866D8C9DA73463FAADA7A1A /* Pods_iOS_Project.framework */; };
		EA28F4F82CC83C64004827A3 /* MeetingModel.swift in Sources */ = {isa = PBXBuildFile; fileRef = EA28F4F72CC83C5F004827A3 /* MeetingModel.swift */; };
		EA28F4FA2CC83C6D004827A3 /* MeetingViewModel.swift in Sources */ = {isa = PBXBuildFile; fileRef = EA28F4F92CC83C68004827A3 /* MeetingViewModel.swift */; };
		EA86C1212CC2F15700989E43 /* AddMeetingModel.swift in Sources */ = {isa = PBXBuildFile; fileRef = EA86C1032CC2F15700989E43 /* AddMeetingModel.swift */; };
		EA86C1222CC2F15700989E43 /* AddMeetingView.swift in Sources */ = {isa = PBXBuildFile; fileRef = EA86C1042CC2F15700989E43 /* AddMeetingView.swift */; };
		EA86C1232CC2F15700989E43 /* AddMeetingViewModel.swift in Sources */ = {isa = PBXBuildFile; fileRef = EA86C1052CC2F15700989E43 /* AddMeetingViewModel.swift */; };
		EA86C1242CC2F15700989E43 /* FriendView.swift in Sources */ = {isa = PBXBuildFile; fileRef = EA86C1072CC2F15700989E43 /* FriendView.swift */; };
		EA86C1252CC2F15700989E43 /* LoginUserModel.swift in Sources */ = {isa = PBXBuildFile; fileRef = EA86C1092CC2F15700989E43 /* LoginUserModel.swift */; };
		EA86C1262CC2F15700989E43 /* LoginView.swift in Sources */ = {isa = PBXBuildFile; fileRef = EA86C10A2CC2F15700989E43 /* LoginView.swift */; };
		EA86C1272CC2F15700989E43 /* LoginViewModel.swift in Sources */ = {isa = PBXBuildFile; fileRef = EA86C10B2CC2F15700989E43 /* LoginViewModel.swift */; };
		EA86C1282CC2F15700989E43 /* MeetingView.swift in Sources */ = {isa = PBXBuildFile; fileRef = EA86C10D2CC2F15700989E43 /* MeetingView.swift */; };
		EA86C1292CC2F15700989E43 /* MeetingListModel.swift in Sources */ = {isa = PBXBuildFile; fileRef = EA86C10F2CC2F15700989E43 /* MeetingListModel.swift */; };
		EA86C12A2CC2F15700989E43 /* MeetingListView.swift in Sources */ = {isa = PBXBuildFile; fileRef = EA86C1102CC2F15700989E43 /* MeetingListView.swift */; };
		EA86C12B2CC2F15700989E43 /* MeetingListViewModel.swift in Sources */ = {isa = PBXBuildFile; fileRef = EA86C1112CC2F15700989E43 /* MeetingListViewModel.swift */; };
		EA86C12C2CC2F15700989E43 /* ProfileView.swift in Sources */ = {isa = PBXBuildFile; fileRef = EA86C1152CC2F15700989E43 /* ProfileView.swift */; };
		EA86C12D2CC2F15700989E43 /* SignUpUserModel.swift in Sources */ = {isa = PBXBuildFile; fileRef = EA86C1172CC2F15700989E43 /* SignUpUserModel.swift */; };
		EA86C12E2CC2F15700989E43 /* SignUpView.swift in Sources */ = {isa = PBXBuildFile; fileRef = EA86C1182CC2F15700989E43 /* SignUpView.swift */; };
		EA86C12F2CC2F15700989E43 /* SignUpViewModel.swift in Sources */ = {isa = PBXBuildFile; fileRef = EA86C1192CC2F15700989E43 /* SignUpViewModel.swift */; };
		EA86C1302CC2F15700989E43 /* iOS_ProjectApp.swift in Sources */ = {isa = PBXBuildFile; fileRef = EA86C11E2CC2F15700989E43 /* iOS_ProjectApp.swift */; };
		EA86C1312CC2F15700989E43 /* MainTapView.swift in Sources */ = {isa = PBXBuildFile; fileRef = EA86C11F2CC2F15700989E43 /* MainTapView.swift */; };
		EA86C1322CC2F15700989E43 /* Preview Assets.xcassets in Resources */ = {isa = PBXBuildFile; fileRef = EA86C1132CC2F15700989E43 /* Preview Assets.xcassets */; };
		EA86C1332CC2F15700989E43 /* Assets.xcassets in Resources */ = {isa = PBXBuildFile; fileRef = EA86C11B2CC2F15700989E43 /* Assets.xcassets */; };
		EA86C1342CC2F15700989E43 /* GoogleService-Info.plist in Resources */ = {isa = PBXBuildFile; fileRef = EA86C11C2CC2F15700989E43 /* GoogleService-Info.plist */; };
		EA86C1382CC2F15A00989E43 /* iOS_ProjectTests.swift in Sources */ = {isa = PBXBuildFile; fileRef = EA86C1362CC2F15A00989E43 /* iOS_ProjectTests.swift */; };
		EA86C13C2CC2F15C00989E43 /* iOS_ProjectUITests.swift in Sources */ = {isa = PBXBuildFile; fileRef = EA86C1392CC2F15C00989E43 /* iOS_ProjectUITests.swift */; };
		EA86C13D2CC2F15C00989E43 /* iOS_ProjectUITestsLaunchTests.swift in Sources */ = {isa = PBXBuildFile; fileRef = EA86C13A2CC2F15C00989E43 /* iOS_ProjectUITestsLaunchTests.swift */; };
		EA86C1482CC2F7A100989E43 /* AddLocationView.swift in Sources */ = {isa = PBXBuildFile; fileRef = EA86C1472CC2F79A00989E43 /* AddLocationView.swift */; };
		EA86C14C2CC2FBAD00989E43 /* Coordinator.swift in Sources */ = {isa = PBXBuildFile; fileRef = EA86C1492CC2FBAD00989E43 /* Coordinator.swift */; };
		EA86C14D2CC2FBAD00989E43 /* MapView.swift in Sources */ = {isa = PBXBuildFile; fileRef = EA86C14A2CC2FBAD00989E43 /* MapView.swift */; };
		EAD481B02CBD7D4B0052D22B /* FirebaseAuth in Frameworks */ = {isa = PBXBuildFile; productRef = EAD481AF2CBD7D4B0052D22B /* FirebaseAuth */; };
		EAD481B22CBD7D4B0052D22B /* FirebaseFirestore in Frameworks */ = {isa = PBXBuildFile; productRef = EAD481B12CBD7D4B0052D22B /* FirebaseFirestore */; };
/* End PBXBuildFile section */

/* Begin PBXContainerItemProxy section */
		EABADF3C2CB9224100962A40 /* PBXContainerItemProxy */ = {
			isa = PBXContainerItemProxy;
			containerPortal = EABADF232CB9223E00962A40 /* Project object */;
			proxyType = 1;
			remoteGlobalIDString = EABADF2A2CB9223E00962A40;
			remoteInfo = iOS_Project;
		};
		EABADF462CB9224100962A40 /* PBXContainerItemProxy */ = {
			isa = PBXContainerItemProxy;
			containerPortal = EABADF232CB9223E00962A40 /* Project object */;
			proxyType = 1;
			remoteGlobalIDString = EABADF2A2CB9223E00962A40;
			remoteInfo = iOS_Project;
		};
/* End PBXContainerItemProxy section */

/* Begin PBXFileReference section */
		65CEBCF697E48C2A255A57B7 /* Pods-iOS_Project.release.xcconfig */ = {isa = PBXFileReference; includeInIndex = 1; lastKnownFileType = text.xcconfig; name = "Pods-iOS_Project.release.xcconfig"; path = "Target Support Files/Pods-iOS_Project/Pods-iOS_Project.release.xcconfig"; sourceTree = "<group>"; };
		B866D8C9DA73463FAADA7A1A /* Pods_iOS_Project.framework */ = {isa = PBXFileReference; explicitFileType = wrapper.framework; includeInIndex = 0; path = Pods_iOS_Project.framework; sourceTree = BUILT_PRODUCTS_DIR; };
		EA28F4F72CC83C5F004827A3 /* MeetingModel.swift */ = {isa = PBXFileReference; lastKnownFileType = sourcecode.swift; path = MeetingModel.swift; sourceTree = "<group>"; };
		EA28F4F92CC83C68004827A3 /* MeetingViewModel.swift */ = {isa = PBXFileReference; lastKnownFileType = sourcecode.swift; path = MeetingViewModel.swift; sourceTree = "<group>"; };
		EA86C1032CC2F15700989E43 /* AddMeetingModel.swift */ = {isa = PBXFileReference; lastKnownFileType = sourcecode.swift; path = AddMeetingModel.swift; sourceTree = "<group>"; };
		EA86C1042CC2F15700989E43 /* AddMeetingView.swift */ = {isa = PBXFileReference; lastKnownFileType = sourcecode.swift; path = AddMeetingView.swift; sourceTree = "<group>"; };
		EA86C1052CC2F15700989E43 /* AddMeetingViewModel.swift */ = {isa = PBXFileReference; lastKnownFileType = sourcecode.swift; path = AddMeetingViewModel.swift; sourceTree = "<group>"; };
		EA86C1072CC2F15700989E43 /* FriendView.swift */ = {isa = PBXFileReference; lastKnownFileType = sourcecode.swift; path = FriendView.swift; sourceTree = "<group>"; };
		EA86C1092CC2F15700989E43 /* LoginUserModel.swift */ = {isa = PBXFileReference; lastKnownFileType = sourcecode.swift; path = LoginUserModel.swift; sourceTree = "<group>"; };
		EA86C10A2CC2F15700989E43 /* LoginView.swift */ = {isa = PBXFileReference; lastKnownFileType = sourcecode.swift; path = LoginView.swift; sourceTree = "<group>"; };
		EA86C10B2CC2F15700989E43 /* LoginViewModel.swift */ = {isa = PBXFileReference; lastKnownFileType = sourcecode.swift; path = LoginViewModel.swift; sourceTree = "<group>"; };
		EA86C10D2CC2F15700989E43 /* MeetingView.swift */ = {isa = PBXFileReference; lastKnownFileType = sourcecode.swift; path = MeetingView.swift; sourceTree = "<group>"; };
		EA86C10F2CC2F15700989E43 /* MeetingListModel.swift */ = {isa = PBXFileReference; lastKnownFileType = sourcecode.swift; path = MeetingListModel.swift; sourceTree = "<group>"; };
		EA86C1102CC2F15700989E43 /* MeetingListView.swift */ = {isa = PBXFileReference; lastKnownFileType = sourcecode.swift; path = MeetingListView.swift; sourceTree = "<group>"; };
		EA86C1112CC2F15700989E43 /* MeetingListViewModel.swift */ = {isa = PBXFileReference; lastKnownFileType = sourcecode.swift; path = MeetingListViewModel.swift; sourceTree = "<group>"; };
		EA86C1132CC2F15700989E43 /* Preview Assets.xcassets */ = {isa = PBXFileReference; lastKnownFileType = folder.assetcatalog; path = "Preview Assets.xcassets"; sourceTree = "<group>"; };
		EA86C1152CC2F15700989E43 /* ProfileView.swift */ = {isa = PBXFileReference; lastKnownFileType = sourcecode.swift; path = ProfileView.swift; sourceTree = "<group>"; };
		EA86C1172CC2F15700989E43 /* SignUpUserModel.swift */ = {isa = PBXFileReference; lastKnownFileType = sourcecode.swift; path = SignUpUserModel.swift; sourceTree = "<group>"; };
		EA86C1182CC2F15700989E43 /* SignUpView.swift */ = {isa = PBXFileReference; lastKnownFileType = sourcecode.swift; path = SignUpView.swift; sourceTree = "<group>"; };
		EA86C1192CC2F15700989E43 /* SignUpViewModel.swift */ = {isa = PBXFileReference; lastKnownFileType = sourcecode.swift; path = SignUpViewModel.swift; sourceTree = "<group>"; };
		EA86C11B2CC2F15700989E43 /* Assets.xcassets */ = {isa = PBXFileReference; lastKnownFileType = folder.assetcatalog; path = Assets.xcassets; sourceTree = "<group>"; };
		EA86C11C2CC2F15700989E43 /* GoogleService-Info.plist */ = {isa = PBXFileReference; lastKnownFileType = text.plist.xml; path = "GoogleService-Info.plist"; sourceTree = "<group>"; };
		EA86C11D2CC2F15700989E43 /* Info.plist */ = {isa = PBXFileReference; lastKnownFileType = text.plist.xml; path = Info.plist; sourceTree = "<group>"; };
		EA86C11E2CC2F15700989E43 /* iOS_ProjectApp.swift */ = {isa = PBXFileReference; lastKnownFileType = sourcecode.swift; path = iOS_ProjectApp.swift; sourceTree = "<group>"; };
		EA86C11F2CC2F15700989E43 /* MainTapView.swift */ = {isa = PBXFileReference; lastKnownFileType = sourcecode.swift; path = MainTapView.swift; sourceTree = "<group>"; };
		EA86C1362CC2F15A00989E43 /* iOS_ProjectTests.swift */ = {isa = PBXFileReference; lastKnownFileType = sourcecode.swift; path = iOS_ProjectTests.swift; sourceTree = "<group>"; };
		EA86C1392CC2F15C00989E43 /* iOS_ProjectUITests.swift */ = {isa = PBXFileReference; lastKnownFileType = sourcecode.swift; path = iOS_ProjectUITests.swift; sourceTree = "<group>"; };
		EA86C13A2CC2F15C00989E43 /* iOS_ProjectUITestsLaunchTests.swift */ = {isa = PBXFileReference; lastKnownFileType = sourcecode.swift; path = iOS_ProjectUITestsLaunchTests.swift; sourceTree = "<group>"; };
		EA86C1472CC2F79A00989E43 /* AddLocationView.swift */ = {isa = PBXFileReference; lastKnownFileType = sourcecode.swift; path = AddLocationView.swift; sourceTree = "<group>"; };
		EA86C1492CC2FBAD00989E43 /* Coordinator.swift */ = {isa = PBXFileReference; lastKnownFileType = sourcecode.swift; path = Coordinator.swift; sourceTree = "<group>"; };
		EA86C14A2CC2FBAD00989E43 /* MapView.swift */ = {isa = PBXFileReference; lastKnownFileType = sourcecode.swift; path = MapView.swift; sourceTree = "<group>"; };
		EABADF2B2CB9223E00962A40 /* iOS_Project.app */ = {isa = PBXFileReference; explicitFileType = wrapper.application; includeInIndex = 0; path = iOS_Project.app; sourceTree = BUILT_PRODUCTS_DIR; };
		EABADF3B2CB9224100962A40 /* iOS_ProjectTests.xctest */ = {isa = PBXFileReference; explicitFileType = wrapper.cfbundle; includeInIndex = 0; path = iOS_ProjectTests.xctest; sourceTree = BUILT_PRODUCTS_DIR; };
		EABADF452CB9224100962A40 /* iOS_ProjectUITests.xctest */ = {isa = PBXFileReference; explicitFileType = wrapper.cfbundle; includeInIndex = 0; path = iOS_ProjectUITests.xctest; sourceTree = BUILT_PRODUCTS_DIR; };
		FB3FFC42D97330368AC296CF /* Pods-iOS_Project.debug.xcconfig */ = {isa = PBXFileReference; includeInIndex = 1; lastKnownFileType = text.xcconfig; name = "Pods-iOS_Project.debug.xcconfig"; path = "Target Support Files/Pods-iOS_Project/Pods-iOS_Project.debug.xcconfig"; sourceTree = "<group>"; };
/* End PBXFileReference section */

/* Begin PBXFrameworksBuildPhase section */
		EABADF282CB9223E00962A40 /* Frameworks */ = {
			isa = PBXFrameworksBuildPhase;
			buildActionMask = 2147483647;
			files = (
				EAD481B02CBD7D4B0052D22B /* FirebaseAuth in Frameworks */,
				EAD481B22CBD7D4B0052D22B /* FirebaseFirestore in Frameworks */,
				D3DAC0BC663E9922C2AE4C22 /* Pods_iOS_Project.framework in Frameworks */,
			);
			runOnlyForDeploymentPostprocessing = 0;
		};
		EABADF382CB9224100962A40 /* Frameworks */ = {
			isa = PBXFrameworksBuildPhase;
			buildActionMask = 2147483647;
			files = (
			);
			runOnlyForDeploymentPostprocessing = 0;
		};
		EABADF422CB9224100962A40 /* Frameworks */ = {
			isa = PBXFrameworksBuildPhase;
			buildActionMask = 2147483647;
			files = (
			);
			runOnlyForDeploymentPostprocessing = 0;
		};
/* End PBXFrameworksBuildPhase section */

/* Begin PBXGroup section */
		4A1660C73D95E0486C1E6CCE /* Pods */ = {
			isa = PBXGroup;
			children = (
				FB3FFC42D97330368AC296CF /* Pods-iOS_Project.debug.xcconfig */,
				65CEBCF697E48C2A255A57B7 /* Pods-iOS_Project.release.xcconfig */,
			);
			path = Pods;
			sourceTree = "<group>";
		};
		74498F7C58CCF60D6CF737A6 /* Frameworks */ = {
			isa = PBXGroup;
			children = (
				B866D8C9DA73463FAADA7A1A /* Pods_iOS_Project.framework */,
			);
			name = Frameworks;
			sourceTree = "<group>";
		};
		EA86C1062CC2F15700989E43 /* AddMeeting */ = {
			isa = PBXGroup;
			children = (
				EA86C1472CC2F79A00989E43 /* AddLocationView.swift */,
				EA86C1032CC2F15700989E43 /* AddMeetingModel.swift */,
				EA86C1042CC2F15700989E43 /* AddMeetingView.swift */,
				EA86C1052CC2F15700989E43 /* AddMeetingViewModel.swift */,
			);
			path = AddMeeting;
			sourceTree = "<group>";
		};
		EA86C1082CC2F15700989E43 /* Friend */ = {
			isa = PBXGroup;
			children = (
				EA86C1072CC2F15700989E43 /* FriendView.swift */,
			);
			path = Friend;
			sourceTree = "<group>";
		};
		EA86C10C2CC2F15700989E43 /* Login */ = {
			isa = PBXGroup;
			children = (
				EA86C1092CC2F15700989E43 /* LoginUserModel.swift */,
				EA86C10A2CC2F15700989E43 /* LoginView.swift */,
				EA86C10B2CC2F15700989E43 /* LoginViewModel.swift */,
			);
			path = Login;
			sourceTree = "<group>";
		};
		EA86C10E2CC2F15700989E43 /* Meeting */ = {
			isa = PBXGroup;
			children = (
				EA28F4F72CC83C5F004827A3 /* MeetingModel.swift */,
				EA86C10D2CC2F15700989E43 /* MeetingView.swift */,
				EA28F4F92CC83C68004827A3 /* MeetingViewModel.swift */,
			);
			path = Meeting;
			sourceTree = "<group>";
		};
		EA86C1122CC2F15700989E43 /* MeetingList */ = {
			isa = PBXGroup;
			children = (
				EA86C10F2CC2F15700989E43 /* MeetingListModel.swift */,
				EA86C1102CC2F15700989E43 /* MeetingListView.swift */,
				EA86C1112CC2F15700989E43 /* MeetingListViewModel.swift */,
			);
			path = MeetingList;
			sourceTree = "<group>";
		};
		EA86C1142CC2F15700989E43 /* Preview Content */ = {
			isa = PBXGroup;
			children = (
				EA86C1132CC2F15700989E43 /* Preview Assets.xcassets */,
			);
			path = "Preview Content";
			sourceTree = "<group>";
		};
		EA86C1162CC2F15700989E43 /* Profile */ = {
			isa = PBXGroup;
			children = (
				EA86C1152CC2F15700989E43 /* ProfileView.swift */,
			);
			path = Profile;
			sourceTree = "<group>";
		};
		EA86C11A2CC2F15700989E43 /* SignUp */ = {
			isa = PBXGroup;
			children = (
				EA86C1172CC2F15700989E43 /* SignUpUserModel.swift */,
				EA86C1182CC2F15700989E43 /* SignUpView.swift */,
				EA86C1192CC2F15700989E43 /* SignUpViewModel.swift */,
			);
			path = SignUp;
			sourceTree = "<group>";
		};
		EA86C1202CC2F15700989E43 /* iOS_Project */ = {
			isa = PBXGroup;
			children = (
				EA86C14B2CC2FBAD00989E43 /* Map */,
				EA86C1062CC2F15700989E43 /* AddMeeting */,
				EA86C1082CC2F15700989E43 /* Friend */,
				EA86C10C2CC2F15700989E43 /* Login */,
				EA86C10E2CC2F15700989E43 /* Meeting */,
				EA86C1122CC2F15700989E43 /* MeetingList */,
				EA86C1142CC2F15700989E43 /* Preview Content */,
				EA86C1162CC2F15700989E43 /* Profile */,
				EA86C11A2CC2F15700989E43 /* SignUp */,
				EA86C11B2CC2F15700989E43 /* Assets.xcassets */,
				EA86C11C2CC2F15700989E43 /* GoogleService-Info.plist */,
				EA86C11D2CC2F15700989E43 /* Info.plist */,
				EA86C11E2CC2F15700989E43 /* iOS_ProjectApp.swift */,
				EA86C11F2CC2F15700989E43 /* MainTapView.swift */,
			);
			path = iOS_Project;
			sourceTree = "<group>";
		};
		EA86C1372CC2F15A00989E43 /* iOS_ProjectTests */ = {
			isa = PBXGroup;
			children = (
				EA86C1362CC2F15A00989E43 /* iOS_ProjectTests.swift */,
			);
			path = iOS_ProjectTests;
			sourceTree = "<group>";
		};
		EA86C13B2CC2F15C00989E43 /* iOS_ProjectUITests */ = {
			isa = PBXGroup;
			children = (
				EA86C1392CC2F15C00989E43 /* iOS_ProjectUITests.swift */,
				EA86C13A2CC2F15C00989E43 /* iOS_ProjectUITestsLaunchTests.swift */,
			);
			path = iOS_ProjectUITests;
			sourceTree = "<group>";
		};
		EA86C14B2CC2FBAD00989E43 /* Map */ = {
			isa = PBXGroup;
			children = (
				EA86C1492CC2FBAD00989E43 /* Coordinator.swift */,
				EA86C14A2CC2FBAD00989E43 /* MapView.swift */,
			);
			path = Map;
			sourceTree = "<group>";
		};
		EABADF222CB9223E00962A40 = {
			isa = PBXGroup;
			children = (
				EA86C1202CC2F15700989E43 /* iOS_Project */,
				EA86C1372CC2F15A00989E43 /* iOS_ProjectTests */,
				EA86C13B2CC2F15C00989E43 /* iOS_ProjectUITests */,
				EABADF2C2CB9223E00962A40 /* Products */,
				4A1660C73D95E0486C1E6CCE /* Pods */,
				74498F7C58CCF60D6CF737A6 /* Frameworks */,
			);
			sourceTree = "<group>";
		};
		EABADF2C2CB9223E00962A40 /* Products */ = {
			isa = PBXGroup;
			children = (
				EABADF2B2CB9223E00962A40 /* iOS_Project.app */,
				EABADF3B2CB9224100962A40 /* iOS_ProjectTests.xctest */,
				EABADF452CB9224100962A40 /* iOS_ProjectUITests.xctest */,
			);
			name = Products;
			sourceTree = "<group>";
		};
/* End PBXGroup section */

/* Begin PBXNativeTarget section */
		EABADF2A2CB9223E00962A40 /* iOS_Project */ = {
			isa = PBXNativeTarget;
			buildConfigurationList = EABADF4F2CB9224100962A40 /* Build configuration list for PBXNativeTarget "iOS_Project" */;
			buildPhases = (
				D47D066F4F9F380F9C5AC2D1 /* [CP] Check Pods Manifest.lock */,
				EABADF272CB9223E00962A40 /* Sources */,
				EABADF282CB9223E00962A40 /* Frameworks */,
				EABADF292CB9223E00962A40 /* Resources */,
				859A598FF65B84A1D188B9CB /* [CP] Embed Pods Frameworks */,
			);
			buildRules = (
			);
			dependencies = (
			);
			name = iOS_Project;
			packageProductDependencies = (
				EAD481AF2CBD7D4B0052D22B /* FirebaseAuth */,
				EAD481B12CBD7D4B0052D22B /* FirebaseFirestore */,
			);
			productName = iOS_Project;
			productReference = EABADF2B2CB9223E00962A40 /* iOS_Project.app */;
			productType = "com.apple.product-type.application";
		};
		EABADF3A2CB9224100962A40 /* iOS_ProjectTests */ = {
			isa = PBXNativeTarget;
			buildConfigurationList = EABADF522CB9224100962A40 /* Build configuration list for PBXNativeTarget "iOS_ProjectTests" */;
			buildPhases = (
				EABADF372CB9224100962A40 /* Sources */,
				EABADF382CB9224100962A40 /* Frameworks */,
				EABADF392CB9224100962A40 /* Resources */,
			);
			buildRules = (
			);
			dependencies = (
				EABADF3D2CB9224100962A40 /* PBXTargetDependency */,
			);
			name = iOS_ProjectTests;
			productName = iOS_ProjectTests;
			productReference = EABADF3B2CB9224100962A40 /* iOS_ProjectTests.xctest */;
			productType = "com.apple.product-type.bundle.unit-test";
		};
		EABADF442CB9224100962A40 /* iOS_ProjectUITests */ = {
			isa = PBXNativeTarget;
			buildConfigurationList = EABADF552CB9224100962A40 /* Build configuration list for PBXNativeTarget "iOS_ProjectUITests" */;
			buildPhases = (
				EABADF412CB9224100962A40 /* Sources */,
				EABADF422CB9224100962A40 /* Frameworks */,
				EABADF432CB9224100962A40 /* Resources */,
			);
			buildRules = (
			);
			dependencies = (
				EABADF472CB9224100962A40 /* PBXTargetDependency */,
			);
			name = iOS_ProjectUITests;
			productName = iOS_ProjectUITests;
			productReference = EABADF452CB9224100962A40 /* iOS_ProjectUITests.xctest */;
			productType = "com.apple.product-type.bundle.ui-testing";
		};
/* End PBXNativeTarget section */

/* Begin PBXProject section */
		EABADF232CB9223E00962A40 /* Project object */ = {
			isa = PBXProject;
			attributes = {
				BuildIndependentTargetsInParallel = 1;
				LastSwiftUpdateCheck = 1600;
				LastUpgradeCheck = 1600;
				TargetAttributes = {
					EABADF2A2CB9223E00962A40 = {
						CreatedOnToolsVersion = 16.0;
					};
					EABADF3A2CB9224100962A40 = {
						CreatedOnToolsVersion = 16.0;
						TestTargetID = EABADF2A2CB9223E00962A40;
					};
					EABADF442CB9224100962A40 = {
						CreatedOnToolsVersion = 16.0;
						TestTargetID = EABADF2A2CB9223E00962A40;
					};
				};
			};
			buildConfigurationList = EABADF262CB9223E00962A40 /* Build configuration list for PBXProject "iOS_Project" */;
			compatibilityVersion = "Xcode 14.0";
			developmentRegion = en;
			hasScannedForEncodings = 0;
			knownRegions = (
				en,
				Base,
			);
			mainGroup = EABADF222CB9223E00962A40;
			minimizedProjectReferenceProxies = 1;
			packageReferences = (
				EAD481AE2CBD7D4B0052D22B /* XCRemoteSwiftPackageReference "firebase-ios-sdk" */,
			);
			productRefGroup = EABADF2C2CB9223E00962A40 /* Products */;
			projectDirPath = "";
			projectRoot = "";
			targets = (
				EABADF2A2CB9223E00962A40 /* iOS_Project */,
				EABADF3A2CB9224100962A40 /* iOS_ProjectTests */,
				EABADF442CB9224100962A40 /* iOS_ProjectUITests */,
			);
		};
/* End PBXProject section */

/* Begin PBXResourcesBuildPhase section */
		EABADF292CB9223E00962A40 /* Resources */ = {
			isa = PBXResourcesBuildPhase;
			buildActionMask = 2147483647;
			files = (
				EA86C1322CC2F15700989E43 /* Preview Assets.xcassets in Resources */,
				EA86C1332CC2F15700989E43 /* Assets.xcassets in Resources */,
				EA86C1342CC2F15700989E43 /* GoogleService-Info.plist in Resources */,
			);
			runOnlyForDeploymentPostprocessing = 0;
		};
		EABADF392CB9224100962A40 /* Resources */ = {
			isa = PBXResourcesBuildPhase;
			buildActionMask = 2147483647;
			files = (
			);
			runOnlyForDeploymentPostprocessing = 0;
		};
		EABADF432CB9224100962A40 /* Resources */ = {
			isa = PBXResourcesBuildPhase;
			buildActionMask = 2147483647;
			files = (
			);
			runOnlyForDeploymentPostprocessing = 0;
		};
/* End PBXResourcesBuildPhase section */

/* Begin PBXShellScriptBuildPhase section */
		859A598FF65B84A1D188B9CB /* [CP] Embed Pods Frameworks */ = {
			isa = PBXShellScriptBuildPhase;
			buildActionMask = 2147483647;
			files = (
			);
			inputFileListPaths = (
				"${PODS_ROOT}/Target Support Files/Pods-iOS_Project/Pods-iOS_Project-frameworks-${CONFIGURATION}-input-files.xcfilelist",
			);
			name = "[CP] Embed Pods Frameworks";
			outputFileListPaths = (
				"${PODS_ROOT}/Target Support Files/Pods-iOS_Project/Pods-iOS_Project-frameworks-${CONFIGURATION}-output-files.xcfilelist",
			);
			runOnlyForDeploymentPostprocessing = 0;
			shellPath = /bin/sh;
			shellScript = "\"${PODS_ROOT}/Target Support Files/Pods-iOS_Project/Pods-iOS_Project-frameworks.sh\"\n";
			showEnvVarsInLog = 0;
		};
		D47D066F4F9F380F9C5AC2D1 /* [CP] Check Pods Manifest.lock */ = {
			isa = PBXShellScriptBuildPhase;
			buildActionMask = 2147483647;
			files = (
			);
			inputFileListPaths = (
			);
			inputPaths = (
				"${PODS_PODFILE_DIR_PATH}/Podfile.lock",
				"${PODS_ROOT}/Manifest.lock",
			);
			name = "[CP] Check Pods Manifest.lock";
			outputFileListPaths = (
			);
			outputPaths = (
				"$(DERIVED_FILE_DIR)/Pods-iOS_Project-checkManifestLockResult.txt",
			);
			runOnlyForDeploymentPostprocessing = 0;
			shellPath = /bin/sh;
			shellScript = "diff \"${PODS_PODFILE_DIR_PATH}/Podfile.lock\" \"${PODS_ROOT}/Manifest.lock\" > /dev/null\nif [ $? != 0 ] ; then\n    # print error to STDERR\n    echo \"error: The sandbox is not in sync with the Podfile.lock. Run 'pod install' or update your CocoaPods installation.\" >&2\n    exit 1\nfi\n# This output is used by Xcode 'outputs' to avoid re-running this script phase.\necho \"SUCCESS\" > \"${SCRIPT_OUTPUT_FILE_0}\"\n";
			showEnvVarsInLog = 0;
		};
/* End PBXShellScriptBuildPhase section */

/* Begin PBXSourcesBuildPhase section */
		EABADF272CB9223E00962A40 /* Sources */ = {
			isa = PBXSourcesBuildPhase;
			buildActionMask = 2147483647;
			files = (
				EA86C1212CC2F15700989E43 /* AddMeetingModel.swift in Sources */,
				EA86C1222CC2F15700989E43 /* AddMeetingView.swift in Sources */,
				EA86C1232CC2F15700989E43 /* AddMeetingViewModel.swift in Sources */,
				EA86C1242CC2F15700989E43 /* FriendView.swift in Sources */,
				EA86C1252CC2F15700989E43 /* LoginUserModel.swift in Sources */,
				EA86C14C2CC2FBAD00989E43 /* Coordinator.swift in Sources */,
				EA86C14D2CC2FBAD00989E43 /* MapView.swift in Sources */,
				EA86C1262CC2F15700989E43 /* LoginView.swift in Sources */,
				EA28F4F82CC83C64004827A3 /* MeetingModel.swift in Sources */,
				EA86C1272CC2F15700989E43 /* LoginViewModel.swift in Sources */,
				EA86C1282CC2F15700989E43 /* MeetingView.swift in Sources */,
				EA86C1292CC2F15700989E43 /* MeetingListModel.swift in Sources */,
				EA86C12A2CC2F15700989E43 /* MeetingListView.swift in Sources */,
				EA86C12B2CC2F15700989E43 /* MeetingListViewModel.swift in Sources */,
				EA86C12C2CC2F15700989E43 /* ProfileView.swift in Sources */,
				EA86C12D2CC2F15700989E43 /* SignUpUserModel.swift in Sources */,
				EA86C12E2CC2F15700989E43 /* SignUpView.swift in Sources */,
				EA86C12F2CC2F15700989E43 /* SignUpViewModel.swift in Sources */,
				EA28F4FA2CC83C6D004827A3 /* MeetingViewModel.swift in Sources */,
				EA86C1482CC2F7A100989E43 /* AddLocationView.swift in Sources */,
				EA86C1302CC2F15700989E43 /* iOS_ProjectApp.swift in Sources */,
				EA86C1312CC2F15700989E43 /* MainTapView.swift in Sources */,
			);
			runOnlyForDeploymentPostprocessing = 0;
		};
		EABADF372CB9224100962A40 /* Sources */ = {
			isa = PBXSourcesBuildPhase;
			buildActionMask = 2147483647;
			files = (
				EA86C1382CC2F15A00989E43 /* iOS_ProjectTests.swift in Sources */,
			);
			runOnlyForDeploymentPostprocessing = 0;
		};
		EABADF412CB9224100962A40 /* Sources */ = {
			isa = PBXSourcesBuildPhase;
			buildActionMask = 2147483647;
			files = (
				EA86C13C2CC2F15C00989E43 /* iOS_ProjectUITests.swift in Sources */,
				EA86C13D2CC2F15C00989E43 /* iOS_ProjectUITestsLaunchTests.swift in Sources */,
			);
			runOnlyForDeploymentPostprocessing = 0;
		};
/* End PBXSourcesBuildPhase section */

/* Begin PBXTargetDependency section */
		EABADF3D2CB9224100962A40 /* PBXTargetDependency */ = {
			isa = PBXTargetDependency;
			target = EABADF2A2CB9223E00962A40 /* iOS_Project */;
			targetProxy = EABADF3C2CB9224100962A40 /* PBXContainerItemProxy */;
		};
		EABADF472CB9224100962A40 /* PBXTargetDependency */ = {
			isa = PBXTargetDependency;
			target = EABADF2A2CB9223E00962A40 /* iOS_Project */;
			targetProxy = EABADF462CB9224100962A40 /* PBXContainerItemProxy */;
		};
/* End PBXTargetDependency section */

/* Begin XCBuildConfiguration section */
		EABADF4D2CB9224100962A40 /* Debug */ = {
			isa = XCBuildConfiguration;
			buildSettings = {
				ALWAYS_SEARCH_USER_PATHS = NO;
				ASSETCATALOG_COMPILER_GENERATE_SWIFT_ASSET_SYMBOL_EXTENSIONS = YES;
				CLANG_ANALYZER_NONNULL = YES;
				CLANG_ANALYZER_NUMBER_OBJECT_CONVERSION = YES_AGGRESSIVE;
				CLANG_CXX_LANGUAGE_STANDARD = "gnu++20";
				CLANG_ENABLE_MODULES = YES;
				CLANG_ENABLE_OBJC_ARC = YES;
				CLANG_ENABLE_OBJC_WEAK = YES;
				CLANG_WARN_BLOCK_CAPTURE_AUTORELEASING = YES;
				CLANG_WARN_BOOL_CONVERSION = YES;
				CLANG_WARN_COMMA = YES;
				CLANG_WARN_CONSTANT_CONVERSION = YES;
				CLANG_WARN_DEPRECATED_OBJC_IMPLEMENTATIONS = YES;
				CLANG_WARN_DIRECT_OBJC_ISA_USAGE = YES_ERROR;
				CLANG_WARN_DOCUMENTATION_COMMENTS = YES;
				CLANG_WARN_EMPTY_BODY = YES;
				CLANG_WARN_ENUM_CONVERSION = YES;
				CLANG_WARN_INFINITE_RECURSION = YES;
				CLANG_WARN_INT_CONVERSION = YES;
				CLANG_WARN_NON_LITERAL_NULL_CONVERSION = YES;
				CLANG_WARN_OBJC_IMPLICIT_RETAIN_SELF = YES;
				CLANG_WARN_OBJC_LITERAL_CONVERSION = YES;
				CLANG_WARN_OBJC_ROOT_CLASS = YES_ERROR;
				CLANG_WARN_QUOTED_INCLUDE_IN_FRAMEWORK_HEADER = YES;
				CLANG_WARN_RANGE_LOOP_ANALYSIS = YES;
				CLANG_WARN_STRICT_PROTOTYPES = YES;
				CLANG_WARN_SUSPICIOUS_MOVE = YES;
				CLANG_WARN_UNGUARDED_AVAILABILITY = YES_AGGRESSIVE;
				CLANG_WARN_UNREACHABLE_CODE = YES;
				CLANG_WARN__DUPLICATE_METHOD_MATCH = YES;
				COPY_PHASE_STRIP = NO;
				DEBUG_INFORMATION_FORMAT = dwarf;
				ENABLE_STRICT_OBJC_MSGSEND = YES;
				ENABLE_TESTABILITY = YES;
				ENABLE_USER_SCRIPT_SANDBOXING = YES;
				GCC_C_LANGUAGE_STANDARD = gnu17;
				GCC_DYNAMIC_NO_PIC = NO;
				GCC_NO_COMMON_BLOCKS = YES;
				GCC_OPTIMIZATION_LEVEL = 0;
				GCC_PREPROCESSOR_DEFINITIONS = (
					"DEBUG=1",
					"$(inherited)",
				);
				GCC_WARN_64_TO_32_BIT_CONVERSION = YES;
				GCC_WARN_ABOUT_RETURN_TYPE = YES_ERROR;
				GCC_WARN_UNDECLARED_SELECTOR = YES;
				GCC_WARN_UNINITIALIZED_AUTOS = YES_AGGRESSIVE;
				GCC_WARN_UNUSED_FUNCTION = YES;
				GCC_WARN_UNUSED_VARIABLE = YES;
				GENERATE_INFOPLIST_FILE = NO;
				INFOPLIST_FILE = "";
				IPHONEOS_DEPLOYMENT_TARGET = 17.6;
				LOCALIZATION_PREFERS_STRING_CATALOGS = YES;
				MTL_ENABLE_DEBUG_INFO = INCLUDE_SOURCE;
				MTL_FAST_MATH = YES;
				ONLY_ACTIVE_ARCH = YES;
				SDKROOT = iphoneos;
				SWIFT_ACTIVE_COMPILATION_CONDITIONS = "DEBUG $(inherited)";
				SWIFT_OPTIMIZATION_LEVEL = "-Onone";
			};
			name = Debug;
		};
		EABADF4E2CB9224100962A40 /* Release */ = {
			isa = XCBuildConfiguration;
			buildSettings = {
				ALWAYS_SEARCH_USER_PATHS = NO;
				ASSETCATALOG_COMPILER_GENERATE_SWIFT_ASSET_SYMBOL_EXTENSIONS = YES;
				CLANG_ANALYZER_NONNULL = YES;
				CLANG_ANALYZER_NUMBER_OBJECT_CONVERSION = YES_AGGRESSIVE;
				CLANG_CXX_LANGUAGE_STANDARD = "gnu++20";
				CLANG_ENABLE_MODULES = YES;
				CLANG_ENABLE_OBJC_ARC = YES;
				CLANG_ENABLE_OBJC_WEAK = YES;
				CLANG_WARN_BLOCK_CAPTURE_AUTORELEASING = YES;
				CLANG_WARN_BOOL_CONVERSION = YES;
				CLANG_WARN_COMMA = YES;
				CLANG_WARN_CONSTANT_CONVERSION = YES;
				CLANG_WARN_DEPRECATED_OBJC_IMPLEMENTATIONS = YES;
				CLANG_WARN_DIRECT_OBJC_ISA_USAGE = YES_ERROR;
				CLANG_WARN_DOCUMENTATION_COMMENTS = YES;
				CLANG_WARN_EMPTY_BODY = YES;
				CLANG_WARN_ENUM_CONVERSION = YES;
				CLANG_WARN_INFINITE_RECURSION = YES;
				CLANG_WARN_INT_CONVERSION = YES;
				CLANG_WARN_NON_LITERAL_NULL_CONVERSION = YES;
				CLANG_WARN_OBJC_IMPLICIT_RETAIN_SELF = YES;
				CLANG_WARN_OBJC_LITERAL_CONVERSION = YES;
				CLANG_WARN_OBJC_ROOT_CLASS = YES_ERROR;
				CLANG_WARN_QUOTED_INCLUDE_IN_FRAMEWORK_HEADER = YES;
				CLANG_WARN_RANGE_LOOP_ANALYSIS = YES;
				CLANG_WARN_STRICT_PROTOTYPES = YES;
				CLANG_WARN_SUSPICIOUS_MOVE = YES;
				CLANG_WARN_UNGUARDED_AVAILABILITY = YES_AGGRESSIVE;
				CLANG_WARN_UNREACHABLE_CODE = YES;
				CLANG_WARN__DUPLICATE_METHOD_MATCH = YES;
				COPY_PHASE_STRIP = NO;
				DEBUG_INFORMATION_FORMAT = "dwarf-with-dsym";
				ENABLE_NS_ASSERTIONS = NO;
				ENABLE_STRICT_OBJC_MSGSEND = YES;
				ENABLE_USER_SCRIPT_SANDBOXING = YES;
				GCC_C_LANGUAGE_STANDARD = gnu17;
				GCC_NO_COMMON_BLOCKS = YES;
				GCC_WARN_64_TO_32_BIT_CONVERSION = YES;
				GCC_WARN_ABOUT_RETURN_TYPE = YES_ERROR;
				GCC_WARN_UNDECLARED_SELECTOR = YES;
				GCC_WARN_UNINITIALIZED_AUTOS = YES_AGGRESSIVE;
				GCC_WARN_UNUSED_FUNCTION = YES;
				GCC_WARN_UNUSED_VARIABLE = YES;
				GENERATE_INFOPLIST_FILE = NO;
				INFOPLIST_FILE = "";
				IPHONEOS_DEPLOYMENT_TARGET = 17.6;
				LOCALIZATION_PREFERS_STRING_CATALOGS = YES;
				MTL_ENABLE_DEBUG_INFO = NO;
				MTL_FAST_MATH = YES;
				SDKROOT = iphoneos;
				SWIFT_COMPILATION_MODE = wholemodule;
				VALIDATE_PRODUCT = YES;
			};
			name = Release;
		};
		EABADF502CB9224100962A40 /* Debug */ = {
			isa = XCBuildConfiguration;
			baseConfigurationReference = FB3FFC42D97330368AC296CF /* Pods-iOS_Project.debug.xcconfig */;
			buildSettings = {
				ASSETCATALOG_COMPILER_APPICON_NAME = AppIcon;
				ASSETCATALOG_COMPILER_GLOBAL_ACCENT_COLOR_NAME = AccentColor;
				CODE_SIGN_STYLE = Automatic;
				CURRENT_PROJECT_VERSION = 1;
				DEVELOPMENT_ASSET_PATHS = "\"iOS_Project/Preview Content\"";
				DEVELOPMENT_TEAM = R54DJK7U34;
				ENABLE_APP_SANDBOX = NO;
				ENABLE_PREVIEWS = YES;
				ENABLE_USER_SCRIPT_SANDBOXING = NO;
				GENERATE_INFOPLIST_FILE = YES;
				INFOPLIST_FILE = /Users/sinchansol/Desktop/iOS_Project/iOS_Project/Info.plist;
				INFOPLIST_KEY_UIApplicationSceneManifest_Generation = YES;
				INFOPLIST_KEY_UIApplicationSupportsIndirectInputEvents = YES;
				INFOPLIST_KEY_UILaunchScreen_Generation = YES;
				INFOPLIST_KEY_UISupportedInterfaceOrientations_iPad = "UIInterfaceOrientationPortrait UIInterfaceOrientationPortraitUpsideDown UIInterfaceOrientationLandscapeLeft UIInterfaceOrientationLandscapeRight";
				INFOPLIST_KEY_UISupportedInterfaceOrientations_iPhone = "UIInterfaceOrientationPortrait UIInterfaceOrientationLandscapeLeft UIInterfaceOrientationLandscapeRight";
				LD_RUNPATH_SEARCH_PATHS = (
					"$(inherited)",
					"@executable_path/Frameworks",
				);
				MARKETING_VERSION = 1.0;
				PRODUCT_BUNDLE_IDENTIFIER = "com.chansol.iOS-Project";
				PRODUCT_NAME = "$(TARGET_NAME)";
				SWIFT_EMIT_LOC_STRINGS = YES;
				SWIFT_VERSION = 5.0;
				TARGETED_DEVICE_FAMILY = "1,2";
			};
			name = Debug;
		};
		EABADF512CB9224100962A40 /* Release */ = {
			isa = XCBuildConfiguration;
			baseConfigurationReference = 65CEBCF697E48C2A255A57B7 /* Pods-iOS_Project.release.xcconfig */;
			buildSettings = {
				ASSETCATALOG_COMPILER_APPICON_NAME = AppIcon;
				ASSETCATALOG_COMPILER_GLOBAL_ACCENT_COLOR_NAME = AccentColor;
				CODE_SIGN_STYLE = Automatic;
				CURRENT_PROJECT_VERSION = 1;
				DEVELOPMENT_ASSET_PATHS = "\"iOS_Project/Preview Content\"";
				DEVELOPMENT_TEAM = R54DJK7U34;
				ENABLE_APP_SANDBOX = NO;
				ENABLE_PREVIEWS = YES;
				ENABLE_USER_SCRIPT_SANDBOXING = NO;
				GENERATE_INFOPLIST_FILE = YES;
				INFOPLIST_FILE = /Users/sinchansol/Desktop/iOS_Project/iOS_Project/Info.plist;
				INFOPLIST_KEY_UIApplicationSceneManifest_Generation = YES;
				INFOPLIST_KEY_UIApplicationSupportsIndirectInputEvents = YES;
				INFOPLIST_KEY_UILaunchScreen_Generation = YES;
				INFOPLIST_KEY_UISupportedInterfaceOrientations_iPad = "UIInterfaceOrientationPortrait UIInterfaceOrientationPortraitUpsideDown UIInterfaceOrientationLandscapeLeft UIInterfaceOrientationLandscapeRight";
				INFOPLIST_KEY_UISupportedInterfaceOrientations_iPhone = "UIInterfaceOrientationPortrait UIInterfaceOrientationLandscapeLeft UIInterfaceOrientationLandscapeRight";
				LD_RUNPATH_SEARCH_PATHS = (
					"$(inherited)",
					"@executable_path/Frameworks",
				);
				MARKETING_VERSION = 1.0;
				PRODUCT_BUNDLE_IDENTIFIER = "com.chansol.iOS-Project";
				PRODUCT_NAME = "$(TARGET_NAME)";
				SWIFT_EMIT_LOC_STRINGS = YES;
				SWIFT_VERSION = 5.0;
				TARGETED_DEVICE_FAMILY = "1,2";
			};
			name = Release;
		};
		EABADF532CB9224100962A40 /* Debug */ = {
			isa = XCBuildConfiguration;
			buildSettings = {
				BUNDLE_LOADER = "$(TEST_HOST)";
				CODE_SIGN_STYLE = Automatic;
				CURRENT_PROJECT_VERSION = 1;
				DEVELOPMENT_TEAM = L93NL52T89;
				GENERATE_INFOPLIST_FILE = YES;
				IPHONEOS_DEPLOYMENT_TARGET = 18.0;
				MARKETING_VERSION = 1.0;
				PRODUCT_BUNDLE_IDENTIFIER = "com.chansol.iOS-ProjectTests";
				PRODUCT_NAME = "$(TARGET_NAME)";
				SWIFT_EMIT_LOC_STRINGS = NO;
				SWIFT_VERSION = 5.0;
				TARGETED_DEVICE_FAMILY = "1,2";
				TEST_HOST = "$(BUILT_PRODUCTS_DIR)/iOS_Project.app/$(BUNDLE_EXECUTABLE_FOLDER_PATH)/iOS_Project";
			};
			name = Debug;
		};
		EABADF542CB9224100962A40 /* Release */ = {
			isa = XCBuildConfiguration;
			buildSettings = {
				BUNDLE_LOADER = "$(TEST_HOST)";
				CODE_SIGN_STYLE = Automatic;
				CURRENT_PROJECT_VERSION = 1;
				DEVELOPMENT_TEAM = L93NL52T89;
				GENERATE_INFOPLIST_FILE = YES;
				IPHONEOS_DEPLOYMENT_TARGET = 18.0;
				MARKETING_VERSION = 1.0;
				PRODUCT_BUNDLE_IDENTIFIER = "com.chansol.iOS-ProjectTests";
				PRODUCT_NAME = "$(TARGET_NAME)";
				SWIFT_EMIT_LOC_STRINGS = NO;
				SWIFT_VERSION = 5.0;
				TARGETED_DEVICE_FAMILY = "1,2";
				TEST_HOST = "$(BUILT_PRODUCTS_DIR)/iOS_Project.app/$(BUNDLE_EXECUTABLE_FOLDER_PATH)/iOS_Project";
			};
			name = Release;
		};
		EABADF562CB9224100962A40 /* Debug */ = {
			isa = XCBuildConfiguration;
			buildSettings = {
				CODE_SIGN_STYLE = Automatic;
				CURRENT_PROJECT_VERSION = 1;
				DEVELOPMENT_TEAM = L93NL52T89;
				GENERATE_INFOPLIST_FILE = YES;
				MARKETING_VERSION = 1.0;
				PRODUCT_BUNDLE_IDENTIFIER = "com.chansol.iOS-ProjectUITests";
				PRODUCT_NAME = "$(TARGET_NAME)";
				SWIFT_EMIT_LOC_STRINGS = NO;
				SWIFT_VERSION = 5.0;
				TARGETED_DEVICE_FAMILY = "1,2";
				TEST_TARGET_NAME = iOS_Project;
			};
			name = Debug;
		};
		EABADF572CB9224100962A40 /* Release */ = {
			isa = XCBuildConfiguration;
			buildSettings = {
				CODE_SIGN_STYLE = Automatic;
				CURRENT_PROJECT_VERSION = 1;
				DEVELOPMENT_TEAM = L93NL52T89;
				GENERATE_INFOPLIST_FILE = YES;
				MARKETING_VERSION = 1.0;
				PRODUCT_BUNDLE_IDENTIFIER = "com.chansol.iOS-ProjectUITests";
				PRODUCT_NAME = "$(TARGET_NAME)";
				SWIFT_EMIT_LOC_STRINGS = NO;
				SWIFT_VERSION = 5.0;
				TARGETED_DEVICE_FAMILY = "1,2";
				TEST_TARGET_NAME = iOS_Project;
			};
			name = Release;
		};
/* End XCBuildConfiguration section */

/* Begin XCConfigurationList section */
		EABADF262CB9223E00962A40 /* Build configuration list for PBXProject "iOS_Project" */ = {
			isa = XCConfigurationList;
			buildConfigurations = (
				EABADF4D2CB9224100962A40 /* Debug */,
				EABADF4E2CB9224100962A40 /* Release */,
			);
			defaultConfigurationIsVisible = 0;
			defaultConfigurationName = Release;
		};
		EABADF4F2CB9224100962A40 /* Build configuration list for PBXNativeTarget "iOS_Project" */ = {
			isa = XCConfigurationList;
			buildConfigurations = (
				EABADF502CB9224100962A40 /* Debug */,
				EABADF512CB9224100962A40 /* Release */,
			);
			defaultConfigurationIsVisible = 0;
			defaultConfigurationName = Release;
		};
		EABADF522CB9224100962A40 /* Build configuration list for PBXNativeTarget "iOS_ProjectTests" */ = {
			isa = XCConfigurationList;
			buildConfigurations = (
				EABADF532CB9224100962A40 /* Debug */,
				EABADF542CB9224100962A40 /* Release */,
			);
			defaultConfigurationIsVisible = 0;
			defaultConfigurationName = Release;
		};
		EABADF552CB9224100962A40 /* Build configuration list for PBXNativeTarget "iOS_ProjectUITests" */ = {
			isa = XCConfigurationList;
			buildConfigurations = (
				EABADF562CB9224100962A40 /* Debug */,
				EABADF572CB9224100962A40 /* Release */,
			);
			defaultConfigurationIsVisible = 0;
			defaultConfigurationName = Release;
		};
/* End XCConfigurationList section */

/* Begin XCRemoteSwiftPackageReference section */
		EAD481AE2CBD7D4B0052D22B /* XCRemoteSwiftPackageReference "firebase-ios-sdk" */ = {
			isa = XCRemoteSwiftPackageReference;
			repositoryURL = "https://github.com/firebase/firebase-ios-sdk";
			requirement = {
				kind = upToNextMajorVersion;
				minimumVersion = 11.3.0;
			};
		};
/* End XCRemoteSwiftPackageReference section */

/* Begin XCSwiftPackageProductDependency section */
		EAD481AF2CBD7D4B0052D22B /* FirebaseAuth */ = {
			isa = XCSwiftPackageProductDependency;
			package = EAD481AE2CBD7D4B0052D22B /* XCRemoteSwiftPackageReference "firebase-ios-sdk" */;
			productName = FirebaseAuth;
		};
		EAD481B12CBD7D4B0052D22B /* FirebaseFirestore */ = {
			isa = XCSwiftPackageProductDependency;
			package = EAD481AE2CBD7D4B0052D22B /* XCRemoteSwiftPackageReference "firebase-ios-sdk" */;
			productName = FirebaseFirestore;
		};
/* End XCSwiftPackageProductDependency section */
	};
	rootObject = EABADF232CB9223E00962A40 /* Project object */;
}
